
Microsoft Visual Studio Solution File, Format Version 12.00
# Visual Studio Version 16
VisualStudioVersion = 16.0.30114.105
MinimumVisualStudioVersion = 10.0.40219.1
Project("{FAE04EC0-301F-11D3-BF4B-00C04F79EFBC}") = "ContactsApp", "ContactsApp\ContactsApp.csproj", "{DB480651-95EF-4896-B4D3-94CEF01DFED9}"
EndProject
Project("{FAE04EC0-301F-11D3-BF4B-00C04F79EFBC}") = "Domain", "Domain\Domain.csproj", "{71D0386B-1E83-45DB-AA8A-DBCDAA9972B5}"
EndProject
Project("{FAE04EC0-301F-11D3-BF4B-00C04F79EFBC}") = "Database", "Database\Database.csproj", "{611F769F-08A5-4B84-8B21-B2C0CFE6AC97}"
EndProject
Project("{FAE04EC0-301F-11D3-BF4B-00C04F79EFBC}") = "FaunaAuthentication", "FaunaAuthentication\FaunaAuthentication.csproj", "{5A693911-C528-45F3-973F-05DE2171BC6D}"
EndProject
Project("{FAE04EC0-301F-11D3-BF4B-00C04F79EFBC}") = "ConsoleClient", "ConsoleClient\ConsoleClient.csproj", "{53F5EE47-5652-463D-BFDB-D3242FD41D1D}"
EndProject
Global
	GlobalSection(SolutionConfigurationPlatforms) = preSolution
		Debug|Any CPU = Debug|Any CPU
		Debug|x64 = Debug|x64
		Debug|x86 = Debug|x86
		Release|Any CPU = Release|Any CPU
		Release|x64 = Release|x64
		Release|x86 = Release|x86
	EndGlobalSection
	GlobalSection(SolutionProperties) = preSolution
		HideSolutionNode = FALSE
	EndGlobalSection
	GlobalSection(ProjectConfigurationPlatforms) = postSolution
		{DB480651-95EF-4896-B4D3-94CEF01DFED9}.Debug|Any CPU.ActiveCfg = ContactsApp|Any CPU
		{DB480651-95EF-4896-B4D3-94CEF01DFED9}.Debug|Any CPU.Build.0 = ContactsApp|Any CPU
		{DB480651-95EF-4896-B4D3-94CEF01DFED9}.Debug|Any CPU.Deploy.0 = ContactsApp|Any CPU
		{71D0386B-1E83-45DB-AA8A-DBCDAA9972B5}.Debug|Any CPU.ActiveCfg = Debug|Any CPU
		{71D0386B-1E83-45DB-AA8A-DBCDAA9972B5}.Debug|Any CPU.Build.0 = Debug|Any CPU
		{71D0386B-1E83-45DB-AA8A-DBCDAA9972B5}.Debug|x64.ActiveCfg = Debug|Any CPU
		{71D0386B-1E83-45DB-AA8A-DBCDAA9972B5}.Debug|x64.Build.0 = Debug|Any CPU
		{71D0386B-1E83-45DB-AA8A-DBCDAA9972B5}.Debug|x86.ActiveCfg = Debug|Any CPU
		{71D0386B-1E83-45DB-AA8A-DBCDAA9972B5}.Debug|x86.Build.0 = Debug|Any CPU
		{71D0386B-1E83-45DB-AA8A-DBCDAA9972B5}.Release|Any CPU.ActiveCfg = Release|Any CPU
		{71D0386B-1E83-45DB-AA8A-DBCDAA9972B5}.Release|Any CPU.Build.0 = Release|Any CPU
		{71D0386B-1E83-45DB-AA8A-DBCDAA9972B5}.Release|x64.ActiveCfg = Release|Any CPU
		{71D0386B-1E83-45DB-AA8A-DBCDAA9972B5}.Release|x64.Build.0 = Release|Any CPU
		{71D0386B-1E83-45DB-AA8A-DBCDAA9972B5}.Release|x86.ActiveCfg = Release|Any CPU
		{71D0386B-1E83-45DB-AA8A-DBCDAA9972B5}.Release|x86.Build.0 = Release|Any CPU
		{611F769F-08A5-4B84-8B21-B2C0CFE6AC97}.Debug|Any CPU.ActiveCfg = Debug|Any CPU
		{611F769F-08A5-4B84-8B21-B2C0CFE6AC97}.Debug|Any CPU.Build.0 = Debug|Any CPU
		{611F769F-08A5-4B84-8B21-B2C0CFE6AC97}.Debug|x64.ActiveCfg = Debug|Any CPU
		{611F769F-08A5-4B84-8B21-B2C0CFE6AC97}.Debug|x64.Build.0 = Debug|Any CPU
		{611F769F-08A5-4B84-8B21-B2C0CFE6AC97}.Debug|x86.ActiveCfg = Debug|Any CPU
		{611F769F-08A5-4B84-8B21-B2C0CFE6AC97}.Debug|x86.Build.0 = Debug|Any CPU
		{611F769F-08A5-4B84-8B21-B2C0CFE6AC97}.Release|Any CPU.ActiveCfg = Release|Any CPU
		{611F769F-08A5-4B84-8B21-B2C0CFE6AC97}.Release|Any CPU.Build.0 = Release|Any CPU
		{611F769F-08A5-4B84-8B21-B2C0CFE6AC97}.Release|x64.ActiveCfg = Release|Any CPU
		{611F769F-08A5-4B84-8B21-B2C0CFE6AC97}.Release|x64.Build.0 = Release|Any CPU
		{611F769F-08A5-4B84-8B21-B2C0CFE6AC97}.Release|x86.ActiveCfg = Release|Any CPU
		{611F769F-08A5-4B84-8B21-B2C0CFE6AC97}.Release|x86.Build.0 = Release|Any CPU
		{5A693911-C528-45F3-973F-05DE2171BC6D}.Debug|Any CPU.ActiveCfg = Debug|Any CPU
		{5A693911-C528-45F3-973F-05DE2171BC6D}.Debug|Any CPU.Build.0 = Debug|Any CPU
		{5A693911-C528-45F3-973F-05DE2171BC6D}.Debug|x64.ActiveCfg = Debug|Any CPU
		{5A693911-C528-45F3-973F-05DE2171BC6D}.Debug|x64.Build.0 = Debug|Any CPU
		{5A693911-C528-45F3-973F-05DE2171BC6D}.Debug|x86.ActiveCfg = Debug|Any CPU
		{5A693911-C528-45F3-973F-05DE2171BC6D}.Debug|x86.Build.0 = Debug|Any CPU
		{5A693911-C528-45F3-973F-05DE2171BC6D}.Release|Any CPU.ActiveCfg = Release|Any CPU
		{5A693911-C528-45F3-973F-05DE2171BC6D}.Release|Any CPU.Build.0 = Release|Any CPU
		{5A693911-C528-45F3-973F-05DE2171BC6D}.Release|x64.ActiveCfg = Release|Any CPU
		{5A693911-C528-45F3-973F-05DE2171BC6D}.Release|x64.Build.0 = Release|Any CPU
		{5A693911-C528-45F3-973F-05DE2171BC6D}.Release|x86.ActiveCfg = Release|Any CPU
		{5A693911-C528-45F3-973F-05DE2171BC6D}.Release|x86.Build.0 = Release|Any CPU
		{53F5EE47-5652-463D-BFDB-D3242FD41D1D}.Debug|Any CPU.ActiveCfg = Debug|Any CPU
		{53F5EE47-5652-463D-BFDB-D3242FD41D1D}.Debug|Any CPU.Build.0 = Debug|Any CPU
		{53F5EE47-5652-463D-BFDB-D3242FD41D1D}.Debug|x64.ActiveCfg = Debug|Any CPU
		{53F5EE47-5652-463D-BFDB-D3242FD41D1D}.Debug|x64.Build.0 = Debug|Any CPU
		{53F5EE47-5652-463D-BFDB-D3242FD41D1D}.Debug|x86.ActiveCfg = Debug|Any CPU
		{53F5EE47-5652-463D-BFDB-D3242FD41D1D}.Debug|x86.Build.0 = Debug|Any CPU
		{53F5EE47-5652-463D-BFDB-D3242FD41D1D}.Release|Any CPU.ActiveCfg = Release|Any CPU
		{53F5EE47-5652-463D-BFDB-D3242FD41D1D}.Release|Any CPU.Build.0 = Release|Any CPU
		{53F5EE47-5652-463D-BFDB-D3242FD41D1D}.Release|x64.ActiveCfg = Release|Any CPU
		{53F5EE47-5652-463D-BFDB-D3242FD41D1D}.Release|x64.Build.0 = Release|Any CPU
		{53F5EE47-5652-463D-BFDB-D3242FD41D1D}.Release|x86.ActiveCfg = Release|Any CPU
		{53F5EE47-5652-463D-BFDB-D3242FD41D1D}.Release|x86.Build.0 = Release|Any CPU
	EndGlobalSection
EndGlobal
