
Microsoft Visual Studio Solution File, Format Version 12.00
# Visual Studio Version 16
VisualStudioVersion = 16.0.30114.105
MinimumVisualStudioVersion = 10.0.40219.1
Project("{FAE04EC0-301F-11D3-BF4B-00C04F79EFBC}") = "ContactsApp", "ContactsApp\ContactsApp.csproj", "{DB480651-95EF-4896-B4D3-94CEF01DFED9}"
EndProject
Global
	GlobalSection(SolutionConfigurationPlatforms) = preSolution
		Debug|Any CPU = Debug|Any CPU
		Debug|x64 = Debug|x64
		Debug|x86 = Debug|x86
		Release|Any CPU = Release|Any CPU
		Release|x64 = Release|x64
		Release|x86 = Release|x86
	EndGlobalSection
	GlobalSection(SolutionProperties) = preSolution
		HideSolutionNode = FALSE
	EndGlobalSection
	GlobalSection(ProjectConfigurationPlatforms) = postSolution
		{DB480651-95EF-4896-B4D3-94CEF01DFED9}.Debug|Any CPU.ActiveCfg = ContactsApp|Any CPU
		{DB480651-95EF-4896-B4D3-94CEF01DFED9}.Debug|Any CPU.Build.0 = ContactsApp|Any CPU
		{DB480651-95EF-4896-B4D3-94CEF01DFED9}.Debug|Any CPU.Deploy.0 = ContactsApp|Any CPU
	EndGlobalSection
EndGlobal
